
Microsoft Visual Studio Solution File, Format Version 12.00
# Visual Studio 15
VisualStudioVersion = 15.0.28307.168
MinimumVisualStudioVersion = 10.0.40219.1
Project("{FAE04EC0-301F-11D3-BF4B-00C04F79EFBC}") = "HelloWorld", "HelloWorld\HelloWorld.csproj", "{47A8693D-201C-4979-A69F-D85F665D5BFA}"
EndProject
Project("{00D1A9C2-B5F0-4AF3-8072-F6C62B433612}") = "TestDb", "TestDb\TestDb.sqlproj", "{F2BAC0C0-9B88-4984-A307-90E58A070F96}"
EndProject
Global
	GlobalSection(SolutionConfigurationPlatforms) = preSolution
		Debug|Any CPU = Debug|Any CPU
		Release|Any CPU = Release|Any CPU
	EndGlobalSection
	GlobalSection(ProjectConfigurationPlatforms) = postSolution
		{47A8693D-201C-4979-A69F-D85F665D5BFA}.Debug|Any CPU.ActiveCfg = Debug|Any CPU
		{47A8693D-201C-4979-A69F-D85F665D5BFA}.Debug|Any CPU.Build.0 = Debug|Any CPU
		{47A8693D-201C-4979-A69F-D85F665D5BFA}.Release|Any CPU.ActiveCfg = Release|Any CPU
		{47A8693D-201C-4979-A69F-D85F665D5BFA}.Release|Any CPU.Build.0 = Release|Any CPU
		{F2BAC0C0-9B88-4984-A307-90E58A070F96}.Debug|Any CPU.ActiveCfg = Debug|Any CPU
		{F2BAC0C0-9B88-4984-A307-90E58A070F96}.Debug|Any CPU.Build.0 = Debug|Any CPU
		{F2BAC0C0-9B88-4984-A307-90E58A070F96}.Debug|Any CPU.Deploy.0 = Debug|Any CPU
		{F2BAC0C0-9B88-4984-A307-90E58A070F96}.Release|Any CPU.ActiveCfg = Release|Any CPU
		{F2BAC0C0-9B88-4984-A307-90E58A070F96}.Release|Any CPU.Build.0 = Release|Any CPU
		{F2BAC0C0-9B88-4984-A307-90E58A070F96}.Release|Any CPU.Deploy.0 = Release|Any CPU
	EndGlobalSection
	GlobalSection(SolutionProperties) = preSolution
		HideSolutionNode = FALSE
	EndGlobalSection
	GlobalSection(ExtensibilityGlobals) = postSolution
		SolutionGuid = {9A6FCE8C-5108-463E-8881-78D7AE73E5C2}
	EndGlobalSection
EndGlobal
